// !$*UTF8*$!
{
	archiveVersion = 1;
	classes = {
	};
	objectVersion = 48;
	objects = {

/* Begin PBXBuildFile section */
		450E41411FA4B1F000779C0C /* HTTPManager.swift in Sources */ = {isa = PBXBuildFile; fileRef = 450E41401FA4B1F000779C0C /* HTTPManager.swift */; };
		450E41431FA4B28B00779C0C /* MemberAPI.swift in Sources */ = {isa = PBXBuildFile; fileRef = 450E41421FA4B28B00779C0C /* MemberAPI.swift */; };
		450E41461FA4B34900779C0C /* Member.swift in Sources */ = {isa = PBXBuildFile; fileRef = 450E41451FA4B34900779C0C /* Member.swift */; };
		450E414A1FA4D13F00779C0C /* Token.swift in Sources */ = {isa = PBXBuildFile; fileRef = 450E41491FA4D13F00779C0C /* Token.swift */; };
		450E414C1FA4EA5700779C0C /* SurveyPickerViewController.swift in Sources */ = {isa = PBXBuildFile; fileRef = 450E414B1FA4EA5700779C0C /* SurveyPickerViewController.swift */; };
		45449FFA1FA4A17F00455D35 /* TextSearchViewController.swift in Sources */ = {isa = PBXBuildFile; fileRef = 45449FF91FA4A17F00455D35 /* TextSearchViewController.swift */; };
		45610A261FA4517C00C73415 /* CompanyInnerPagerViewController.swift in Sources */ = {isa = PBXBuildFile; fileRef = 45610A251FA4517C00C73415 /* CompanyInnerPagerViewController.swift */; };
		45610A291FA4523F00C73415 /* FoodViewController.swift in Sources */ = {isa = PBXBuildFile; fileRef = 45610A281FA4523F00C73415 /* FoodViewController.swift */; };
		45610A2B1FA4524C00C73415 /* ClothesViewController.swift in Sources */ = {isa = PBXBuildFile; fileRef = 45610A2A1FA4524C00C73415 /* ClothesViewController.swift */; };
		45610A2D1FA4525A00C73415 /* CosmeticsViewController.swift in Sources */ = {isa = PBXBuildFile; fileRef = 45610A2C1FA4525A00C73415 /* CosmeticsViewController.swift */; };
		45610A2F1FA4526600C73415 /* MedicineViewController.swift in Sources */ = {isa = PBXBuildFile; fileRef = 45610A2E1FA4526600C73415 /* MedicineViewController.swift */; };
		45610A311FA4527100C73415 /* InteriorViewController.swift in Sources */ = {isa = PBXBuildFile; fileRef = 45610A301FA4527100C73415 /* InteriorViewController.swift */; };
		45610A331FA4545700C73415 /* Company.storyboard in Resources */ = {isa = PBXBuildFile; fileRef = 45610A321FA4545700C73415 /* Company.storyboard */; };
		457465C41FA46F41009829F5 /* CompanyDetailViewController.swift in Sources */ = {isa = PBXBuildFile; fileRef = 457465C31FA46F41009829F5 /* CompanyDetailViewController.swift */; };
		45A1B7AF1FA390B70084BB04 /* AppDelegate.swift in Sources */ = {isa = PBXBuildFile; fileRef = 45A1B7AE1FA390B70084BB04 /* AppDelegate.swift */; };
		45A1B7B11FA390B70084BB04 /* LoginViewController.swift in Sources */ = {isa = PBXBuildFile; fileRef = 45A1B7B01FA390B70084BB04 /* LoginViewController.swift */; };
		45A1B7B41FA390B70084BB04 /* Login.storyboard in Resources */ = {isa = PBXBuildFile; fileRef = 45A1B7B21FA390B70084BB04 /* Login.storyboard */; };
		45A1B7B61FA390B70084BB04 /* Assets.xcassets in Resources */ = {isa = PBXBuildFile; fileRef = 45A1B7B51FA390B70084BB04 /* Assets.xcassets */; };
		45A1B7B91FA390B70084BB04 /* LaunchScreen.storyboard in Resources */ = {isa = PBXBuildFile; fileRef = 45A1B7B71FA390B70084BB04 /* LaunchScreen.storyboard */; };
		45A1B7C41FA390B70084BB04 /* MearcatsTests.swift in Sources */ = {isa = PBXBuildFile; fileRef = 45A1B7C31FA390B70084BB04 /* MearcatsTests.swift */; };
		45A1B7D11FA394F00084BB04 /* Main.storyboard in Resources */ = {isa = PBXBuildFile; fileRef = 45A1B7D01FA394F00084BB04 /* Main.storyboard */; };
		45A1B7D31FA3956E0084BB04 /* MainPageViewController.swift in Sources */ = {isa = PBXBuildFile; fileRef = 45A1B7D21FA3956E0084BB04 /* MainPageViewController.swift */; };
		45A1B7D51FA3991D0084BB04 /* MyInfo.storyboard in Resources */ = {isa = PBXBuildFile; fileRef = 45A1B7D41FA3991D0084BB04 /* MyInfo.storyboard */; };
		45A1B7D71FA399440084BB04 /* QR.storyboard in Resources */ = {isa = PBXBuildFile; fileRef = 45A1B7D61FA399440084BB04 /* QR.storyboard */; };
		45A1B7DC1FA39AF10084BB04 /* HomeViewController.swift in Sources */ = {isa = PBXBuildFile; fileRef = 45A1B7DB1FA39AF10084BB04 /* HomeViewController.swift */; };
		45A1B7DE1FA39B2C0084BB04 /* MyPageViewController.swift in Sources */ = {isa = PBXBuildFile; fileRef = 45A1B7DD1FA39B2C0084BB04 /* MyPageViewController.swift */; };
		45A1B7E01FA39B9E0084BB04 /* ClassificationViewController.swift in Sources */ = {isa = PBXBuildFile; fileRef = 45A1B7DF1FA39B9E0084BB04 /* ClassificationViewController.swift */; };
		45A1B7E21FA39BD80084BB04 /* CompanyViewController.swift in Sources */ = {isa = PBXBuildFile; fileRef = 45A1B7E11FA39BD80084BB04 /* CompanyViewController.swift */; };
		45A1B7F21FA3A2C80084BB04 /* FavoriteViewController.swift in Sources */ = {isa = PBXBuildFile; fileRef = 45A1B7F11FA3A2C80084BB04 /* FavoriteViewController.swift */; };
		45A1B7F41FA3A3C30084BB04 /* HistoryViewController.swift in Sources */ = {isa = PBXBuildFile; fileRef = 45A1B7F31FA3A3C30084BB04 /* HistoryViewController.swift */; };
		45A1B7F61FA3A3CD0084BB04 /* BasketViewController.swift in Sources */ = {isa = PBXBuildFile; fileRef = 45A1B7F51FA3A3CD0084BB04 /* BasketViewController.swift */; };
		45A1B7F81FA3A3D70084BB04 /* QRViewController.swift in Sources */ = {isa = PBXBuildFile; fileRef = 45A1B7F71FA3A3D70084BB04 /* QRViewController.swift */; };
		45A1B7FC1FA3A44C0084BB04 /* MyPageInnerPagerViewController.swift in Sources */ = {isa = PBXBuildFile; fileRef = 45A1B7FB1FA3A44C0084BB04 /* MyPageInnerPagerViewController.swift */; };
		45A1B7FF1FA429F30084BB04 /* UIViewExtension.swift in Sources */ = {isa = PBXBuildFile; fileRef = 45A1B7FE1FA429F30084BB04 /* UIViewExtension.swift */; };
		45A220651FA531CB009ABDFC /* CompanyAPI.swift in Sources */ = {isa = PBXBuildFile; fileRef = 45A220641FA531CB009ABDFC /* CompanyAPI.swift */; };
		45A220671FA53250009ABDFC /* Company.swift in Sources */ = {isa = PBXBuildFile; fileRef = 45A220661FA53250009ABDFC /* Company.swift */; };
		45B926A21FA53A4700C166E3 /* DateExtension.swift in Sources */ = {isa = PBXBuildFile; fileRef = 45B926A11FA53A4700C166E3 /* DateExtension.swift */; };
		45CE2E651FA45BC700D90CC4 /* CompanyPagerViewController.swift in Sources */ = {isa = PBXBuildFile; fileRef = 45CE2E641FA45BC700D90CC4 /* CompanyPagerViewController.swift */; };
		69055991A7E6E611A0DE2AE0 /* Pods_MearcatsTests.framework in Frameworks */ = {isa = PBXBuildFile; fileRef = 25B2D9416A5AB92F45C012CD /* Pods_MearcatsTests.framework */; };
		E9D1C155AB8162566C60382B /* Pods_Mearcats.framework in Frameworks */ = {isa = PBXBuildFile; fileRef = 24AE05AA2B7A57321D218959 /* Pods_Mearcats.framework */; };
/* End PBXBuildFile section */

/* Begin PBXContainerItemProxy section */
		45A1B7C01FA390B70084BB04 /* PBXContainerItemProxy */ = {
			isa = PBXContainerItemProxy;
			containerPortal = 45A1B7A31FA390B70084BB04 /* Project object */;
			proxyType = 1;
			remoteGlobalIDString = 45A1B7AA1FA390B70084BB04;
			remoteInfo = Mearcats;
		};
/* End PBXContainerItemProxy section */

/* Begin PBXFileReference section */
		24AE05AA2B7A57321D218959 /* Pods_Mearcats.framework */ = {isa = PBXFileReference; explicitFileType = wrapper.framework; includeInIndex = 0; path = Pods_Mearcats.framework; sourceTree = BUILT_PRODUCTS_DIR; };
		25B2D9416A5AB92F45C012CD /* Pods_MearcatsTests.framework */ = {isa = PBXFileReference; explicitFileType = wrapper.framework; includeInIndex = 0; path = Pods_MearcatsTests.framework; sourceTree = BUILT_PRODUCTS_DIR; };
		3358E9DD29B00DFF0EFA16F2 /* Pods-MearcatsTests.release.xcconfig */ = {isa = PBXFileReference; includeInIndex = 1; lastKnownFileType = text.xcconfig; name = "Pods-MearcatsTests.release.xcconfig"; path = "Pods/Target Support Files/Pods-MearcatsTests/Pods-MearcatsTests.release.xcconfig"; sourceTree = "<group>"; };
		450E41401FA4B1F000779C0C /* HTTPManager.swift */ = {isa = PBXFileReference; lastKnownFileType = sourcecode.swift; path = HTTPManager.swift; sourceTree = "<group>"; };
		450E41421FA4B28B00779C0C /* MemberAPI.swift */ = {isa = PBXFileReference; lastKnownFileType = sourcecode.swift; path = MemberAPI.swift; sourceTree = "<group>"; };
		450E41451FA4B34900779C0C /* Member.swift */ = {isa = PBXFileReference; lastKnownFileType = sourcecode.swift; path = Member.swift; sourceTree = "<group>"; };
		450E41491FA4D13F00779C0C /* Token.swift */ = {isa = PBXFileReference; lastKnownFileType = sourcecode.swift; path = Token.swift; sourceTree = "<group>"; };
		450E414B1FA4EA5700779C0C /* SurveyPickerViewController.swift */ = {isa = PBXFileReference; lastKnownFileType = sourcecode.swift; path = SurveyPickerViewController.swift; sourceTree = "<group>"; };
		45449FF91FA4A17F00455D35 /* TextSearchViewController.swift */ = {isa = PBXFileReference; lastKnownFileType = sourcecode.swift; path = TextSearchViewController.swift; sourceTree = "<group>"; };
		45610A251FA4517C00C73415 /* CompanyInnerPagerViewController.swift */ = {isa = PBXFileReference; lastKnownFileType = sourcecode.swift; path = CompanyInnerPagerViewController.swift; sourceTree = "<group>"; };
		45610A281FA4523F00C73415 /* FoodViewController.swift */ = {isa = PBXFileReference; lastKnownFileType = sourcecode.swift; path = FoodViewController.swift; sourceTree = "<group>"; };
		45610A2A1FA4524C00C73415 /* ClothesViewController.swift */ = {isa = PBXFileReference; lastKnownFileType = sourcecode.swift; path = ClothesViewController.swift; sourceTree = "<group>"; };
		45610A2C1FA4525A00C73415 /* CosmeticsViewController.swift */ = {isa = PBXFileReference; lastKnownFileType = sourcecode.swift; path = CosmeticsViewController.swift; sourceTree = "<group>"; };
		45610A2E1FA4526600C73415 /* MedicineViewController.swift */ = {isa = PBXFileReference; lastKnownFileType = sourcecode.swift; path = MedicineViewController.swift; sourceTree = "<group>"; };
		45610A301FA4527100C73415 /* InteriorViewController.swift */ = {isa = PBXFileReference; lastKnownFileType = sourcecode.swift; path = InteriorViewController.swift; sourceTree = "<group>"; };
		45610A321FA4545700C73415 /* Company.storyboard */ = {isa = PBXFileReference; lastKnownFileType = file.storyboard; path = Company.storyboard; sourceTree = "<group>"; };
		457465C31FA46F41009829F5 /* CompanyDetailViewController.swift */ = {isa = PBXFileReference; lastKnownFileType = sourcecode.swift; path = CompanyDetailViewController.swift; sourceTree = "<group>"; };
		45A1B7AB1FA390B70084BB04 /* Mearcats.app */ = {isa = PBXFileReference; explicitFileType = wrapper.application; includeInIndex = 0; path = Mearcats.app; sourceTree = BUILT_PRODUCTS_DIR; };
		45A1B7AE1FA390B70084BB04 /* AppDelegate.swift */ = {isa = PBXFileReference; lastKnownFileType = sourcecode.swift; path = AppDelegate.swift; sourceTree = "<group>"; };
		45A1B7B01FA390B70084BB04 /* LoginViewController.swift */ = {isa = PBXFileReference; lastKnownFileType = sourcecode.swift; path = LoginViewController.swift; sourceTree = "<group>"; };
		45A1B7B31FA390B70084BB04 /* Base */ = {isa = PBXFileReference; lastKnownFileType = file.storyboard; name = Base; path = Base.lproj/Login.storyboard; sourceTree = "<group>"; };
		45A1B7B51FA390B70084BB04 /* Assets.xcassets */ = {isa = PBXFileReference; lastKnownFileType = folder.assetcatalog; path = Assets.xcassets; sourceTree = "<group>"; };
		45A1B7B81FA390B70084BB04 /* Base */ = {isa = PBXFileReference; lastKnownFileType = file.storyboard; name = Base; path = Base.lproj/LaunchScreen.storyboard; sourceTree = "<group>"; };
		45A1B7BA1FA390B70084BB04 /* Info.plist */ = {isa = PBXFileReference; lastKnownFileType = text.plist.xml; path = Info.plist; sourceTree = "<group>"; };
		45A1B7BF1FA390B70084BB04 /* MearcatsTests.xctest */ = {isa = PBXFileReference; explicitFileType = wrapper.cfbundle; includeInIndex = 0; path = MearcatsTests.xctest; sourceTree = BUILT_PRODUCTS_DIR; };
		45A1B7C31FA390B70084BB04 /* MearcatsTests.swift */ = {isa = PBXFileReference; lastKnownFileType = sourcecode.swift; path = MearcatsTests.swift; sourceTree = "<group>"; };
		45A1B7C51FA390B70084BB04 /* Info.plist */ = {isa = PBXFileReference; lastKnownFileType = text.plist.xml; path = Info.plist; sourceTree = "<group>"; };
		45A1B7D01FA394F00084BB04 /* Main.storyboard */ = {isa = PBXFileReference; lastKnownFileType = file.storyboard; path = Main.storyboard; sourceTree = "<group>"; };
		45A1B7D21FA3956E0084BB04 /* MainPageViewController.swift */ = {isa = PBXFileReference; lastKnownFileType = sourcecode.swift; path = MainPageViewController.swift; sourceTree = "<group>"; };
		45A1B7D41FA3991D0084BB04 /* MyInfo.storyboard */ = {isa = PBXFileReference; lastKnownFileType = file.storyboard; path = MyInfo.storyboard; sourceTree = "<group>"; };
		45A1B7D61FA399440084BB04 /* QR.storyboard */ = {isa = PBXFileReference; lastKnownFileType = file.storyboard; path = QR.storyboard; sourceTree = "<group>"; };
		45A1B7DB1FA39AF10084BB04 /* HomeViewController.swift */ = {isa = PBXFileReference; lastKnownFileType = sourcecode.swift; path = HomeViewController.swift; sourceTree = "<group>"; };
		45A1B7DD1FA39B2C0084BB04 /* MyPageViewController.swift */ = {isa = PBXFileReference; lastKnownFileType = sourcecode.swift; path = MyPageViewController.swift; sourceTree = "<group>"; };
		45A1B7DF1FA39B9E0084BB04 /* ClassificationViewController.swift */ = {isa = PBXFileReference; lastKnownFileType = sourcecode.swift; path = ClassificationViewController.swift; sourceTree = "<group>"; };
		45A1B7E11FA39BD80084BB04 /* CompanyViewController.swift */ = {isa = PBXFileReference; lastKnownFileType = sourcecode.swift; path = CompanyViewController.swift; sourceTree = "<group>"; };
		45A1B7F11FA3A2C80084BB04 /* FavoriteViewController.swift */ = {isa = PBXFileReference; lastKnownFileType = sourcecode.swift; path = FavoriteViewController.swift; sourceTree = "<group>"; };
		45A1B7F31FA3A3C30084BB04 /* HistoryViewController.swift */ = {isa = PBXFileReference; lastKnownFileType = sourcecode.swift; path = HistoryViewController.swift; sourceTree = "<group>"; };
		45A1B7F51FA3A3CD0084BB04 /* BasketViewController.swift */ = {isa = PBXFileReference; lastKnownFileType = sourcecode.swift; path = BasketViewController.swift; sourceTree = "<group>"; };
		45A1B7F71FA3A3D70084BB04 /* QRViewController.swift */ = {isa = PBXFileReference; lastKnownFileType = sourcecode.swift; path = QRViewController.swift; sourceTree = "<group>"; };
		45A1B7FB1FA3A44C0084BB04 /* MyPageInnerPagerViewController.swift */ = {isa = PBXFileReference; lastKnownFileType = sourcecode.swift; path = MyPageInnerPagerViewController.swift; sourceTree = "<group>"; };
		45A1B7FE1FA429F30084BB04 /* UIViewExtension.swift */ = {isa = PBXFileReference; lastKnownFileType = sourcecode.swift; path = UIViewExtension.swift; sourceTree = "<group>"; };
		45A220641FA531CB009ABDFC /* CompanyAPI.swift */ = {isa = PBXFileReference; lastKnownFileType = sourcecode.swift; path = CompanyAPI.swift; sourceTree = "<group>"; };
		45A220661FA53250009ABDFC /* Company.swift */ = {isa = PBXFileReference; lastKnownFileType = sourcecode.swift; path = Company.swift; sourceTree = "<group>"; };
		45B926A11FA53A4700C166E3 /* DateExtension.swift */ = {isa = PBXFileReference; lastKnownFileType = sourcecode.swift; path = DateExtension.swift; sourceTree = "<group>"; };
		45CE2E641FA45BC700D90CC4 /* CompanyPagerViewController.swift */ = {isa = PBXFileReference; lastKnownFileType = sourcecode.swift; path = CompanyPagerViewController.swift; sourceTree = "<group>"; };
		5CD1E31BAE1A785B118FF453 /* Pods-MearcatsTests.debug.xcconfig */ = {isa = PBXFileReference; includeInIndex = 1; lastKnownFileType = text.xcconfig; name = "Pods-MearcatsTests.debug.xcconfig"; path = "Pods/Target Support Files/Pods-MearcatsTests/Pods-MearcatsTests.debug.xcconfig"; sourceTree = "<group>"; };
		9172B52FC4F293A8D078B0B6 /* Pods-Mearcats.debug.xcconfig */ = {isa = PBXFileReference; includeInIndex = 1; lastKnownFileType = text.xcconfig; name = "Pods-Mearcats.debug.xcconfig"; path = "Pods/Target Support Files/Pods-Mearcats/Pods-Mearcats.debug.xcconfig"; sourceTree = "<group>"; };
		F3E7C6AFE275A5C8EF3CD856 /* Pods-Mearcats.release.xcconfig */ = {isa = PBXFileReference; includeInIndex = 1; lastKnownFileType = text.xcconfig; name = "Pods-Mearcats.release.xcconfig"; path = "Pods/Target Support Files/Pods-Mearcats/Pods-Mearcats.release.xcconfig"; sourceTree = "<group>"; };
/* End PBXFileReference section */

/* Begin PBXFrameworksBuildPhase section */
		45A1B7A81FA390B70084BB04 /* Frameworks */ = {
			isa = PBXFrameworksBuildPhase;
			buildActionMask = 2147483647;
			files = (
				E9D1C155AB8162566C60382B /* Pods_Mearcats.framework in Frameworks */,
			);
			runOnlyForDeploymentPostprocessing = 0;
		};
		45A1B7BC1FA390B70084BB04 /* Frameworks */ = {
			isa = PBXFrameworksBuildPhase;
			buildActionMask = 2147483647;
			files = (
				69055991A7E6E611A0DE2AE0 /* Pods_MearcatsTests.framework in Frameworks */,
			);
			runOnlyForDeploymentPostprocessing = 0;
		};
/* End PBXFrameworksBuildPhase section */

/* Begin PBXGroup section */
		180054765A437975F8588C70 /* Pods */ = {
			isa = PBXGroup;
			children = (
				9172B52FC4F293A8D078B0B6 /* Pods-Mearcats.debug.xcconfig */,
				F3E7C6AFE275A5C8EF3CD856 /* Pods-Mearcats.release.xcconfig */,
				5CD1E31BAE1A785B118FF453 /* Pods-MearcatsTests.debug.xcconfig */,
				3358E9DD29B00DFF0EFA16F2 /* Pods-MearcatsTests.release.xcconfig */,
			);
			name = Pods;
			sourceTree = "<group>";
		};
		450E413F1FA4B1BC00779C0C /* Manager */ = {
			isa = PBXGroup;
			children = (
				450E41401FA4B1F000779C0C /* HTTPManager.swift */,
				450E41421FA4B28B00779C0C /* MemberAPI.swift */,
				45A220641FA531CB009ABDFC /* CompanyAPI.swift */,
			);
			path = Manager;
			sourceTree = "<group>";
		};
		450E41441FA4B33500779C0C /* Model */ = {
			isa = PBXGroup;
			children = (
				450E41451FA4B34900779C0C /* Member.swift */,
				450E41491FA4D13F00779C0C /* Token.swift */,
				45A220661FA53250009ABDFC /* Company.swift */,
			);
			path = Model;
			sourceTree = "<group>";
		};
		45610A271FA4522F00C73415 /* Company */ = {
			isa = PBXGroup;
			children = (
				45610A281FA4523F00C73415 /* FoodViewController.swift */,
				45610A2A1FA4524C00C73415 /* ClothesViewController.swift */,
				45610A2C1FA4525A00C73415 /* CosmeticsViewController.swift */,
				45610A2E1FA4526600C73415 /* MedicineViewController.swift */,
				45610A301FA4527100C73415 /* InteriorViewController.swift */,
				457465C31FA46F41009829F5 /* CompanyDetailViewController.swift */,
				450E414B1FA4EA5700779C0C /* SurveyPickerViewController.swift */,
			);
			path = Company;
			sourceTree = "<group>";
		};
		45A1B7A21FA390B70084BB04 = {
			isa = PBXGroup;
			children = (
				45A1B7AD1FA390B70084BB04 /* Mearcats */,
				45A1B7C21FA390B70084BB04 /* MearcatsTests */,
				45A1B7AC1FA390B70084BB04 /* Products */,
				180054765A437975F8588C70 /* Pods */,
				868A8B3BF82CFBE337E2E51B /* Frameworks */,
			);
			sourceTree = "<group>";
		};
		45A1B7AC1FA390B70084BB04 /* Products */ = {
			isa = PBXGroup;
			children = (
				45A1B7AB1FA390B70084BB04 /* Mearcats.app */,
				45A1B7BF1FA390B70084BB04 /* MearcatsTests.xctest */,
			);
			name = Products;
			sourceTree = "<group>";
		};
		45A1B7AD1FA390B70084BB04 /* Mearcats */ = {
			isa = PBXGroup;
			children = (
				45A1B7B71FA390B70084BB04 /* LaunchScreen.storyboard */,
				45A1B7AE1FA390B70084BB04 /* AppDelegate.swift */,
				45A1B7B51FA390B70084BB04 /* Assets.xcassets */,
				450E41441FA4B33500779C0C /* Model */,
				450E413F1FA4B1BC00779C0C /* Manager */,
				45A1B7FD1FA429E50084BB04 /* Extension */,
				45A1B7CF1FA392B60084BB04 /* Storyboard */,
				45A1B7CE1FA3929F0084BB04 /* ViewController */,
				45A1B7BA1FA390B70084BB04 /* Info.plist */,
			);
			path = Mearcats;
			sourceTree = "<group>";
		};
		45A1B7C21FA390B70084BB04 /* MearcatsTests */ = {
			isa = PBXGroup;
			children = (
				45A1B7C31FA390B70084BB04 /* MearcatsTests.swift */,
				45A1B7C51FA390B70084BB04 /* Info.plist */,
			);
			path = MearcatsTests;
			sourceTree = "<group>";
		};
		45A1B7CE1FA3929F0084BB04 /* ViewController */ = {
			isa = PBXGroup;
			children = (
				45610A271FA4522F00C73415 /* Company */,
				45A1B7F01FA3A2980084BB04 /* QR */,
				45A1B7EF1FA3A2900084BB04 /* MyInfo */,
				45A1B7D81FA39AB60084BB04 /* Main */,
				45A1B7B01FA390B70084BB04 /* LoginViewController.swift */,
				45A1B7D21FA3956E0084BB04 /* MainPageViewController.swift */,
			);
			path = ViewController;
			sourceTree = "<group>";
		};
		45A1B7CF1FA392B60084BB04 /* Storyboard */ = {
			isa = PBXGroup;
			children = (
				45A1B7B21FA390B70084BB04 /* Login.storyboard */,
				45A1B7D01FA394F00084BB04 /* Main.storyboard */,
				45A1B7D41FA3991D0084BB04 /* MyInfo.storyboard */,
				45A1B7D61FA399440084BB04 /* QR.storyboard */,
				45610A321FA4545700C73415 /* Company.storyboard */,
			);
			path = Storyboard;
			sourceTree = "<group>";
		};
		45A1B7D81FA39AB60084BB04 /* Main */ = {
			isa = PBXGroup;
			children = (
				45A1B7DB1FA39AF10084BB04 /* HomeViewController.swift */,
				45A1B7DD1FA39B2C0084BB04 /* MyPageViewController.swift */,
				45A1B7DF1FA39B9E0084BB04 /* ClassificationViewController.swift */,
				45A1B7E11FA39BD80084BB04 /* CompanyViewController.swift */,
				45A1B7FB1FA3A44C0084BB04 /* MyPageInnerPagerViewController.swift */,
				45610A251FA4517C00C73415 /* CompanyInnerPagerViewController.swift */,
				45CE2E641FA45BC700D90CC4 /* CompanyPagerViewController.swift */,
				45449FF91FA4A17F00455D35 /* TextSearchViewController.swift */,
			);
			path = Main;
			sourceTree = "<group>";
		};
		45A1B7EF1FA3A2900084BB04 /* MyInfo */ = {
			isa = PBXGroup;
			children = (
				45A1B7F11FA3A2C80084BB04 /* FavoriteViewController.swift */,
				45A1B7F31FA3A3C30084BB04 /* HistoryViewController.swift */,
				45A1B7F51FA3A3CD0084BB04 /* BasketViewController.swift */,
			);
			path = MyInfo;
			sourceTree = "<group>";
		};
		45A1B7F01FA3A2980084BB04 /* QR */ = {
			isa = PBXGroup;
			children = (
				45A1B7F71FA3A3D70084BB04 /* QRViewController.swift */,
			);
			path = QR;
			sourceTree = "<group>";
		};
		45A1B7FD1FA429E50084BB04 /* Extension */ = {
			isa = PBXGroup;
			children = (
				45A1B7FE1FA429F30084BB04 /* UIViewExtension.swift */,
				45B926A11FA53A4700C166E3 /* DateExtension.swift */,
			);
			path = Extension;
			sourceTree = "<group>";
		};
		868A8B3BF82CFBE337E2E51B /* Frameworks */ = {
			isa = PBXGroup;
			children = (
				24AE05AA2B7A57321D218959 /* Pods_Mearcats.framework */,
				25B2D9416A5AB92F45C012CD /* Pods_MearcatsTests.framework */,
			);
			name = Frameworks;
			sourceTree = "<group>";
		};
/* End PBXGroup section */

/* Begin PBXNativeTarget section */
		45A1B7AA1FA390B70084BB04 /* Mearcats */ = {
			isa = PBXNativeTarget;
			buildConfigurationList = 45A1B7C81FA390B70084BB04 /* Build configuration list for PBXNativeTarget "Mearcats" */;
			buildPhases = (
				EAA8B4D07C044F98FBF01C0B /* [CP] Check Pods Manifest.lock */,
				45A1B7A71FA390B70084BB04 /* Sources */,
				45A1B7A81FA390B70084BB04 /* Frameworks */,
				45A1B7A91FA390B70084BB04 /* Resources */,
				5421F84CDF4DD8E3BAD31BE3 /* [CP] Embed Pods Frameworks */,
				93E4809C86F358B11295CEA1 /* [CP] Copy Pods Resources */,
			);
			buildRules = (
			);
			dependencies = (
			);
			name = Mearcats;
			productName = Mearcats;
			productReference = 45A1B7AB1FA390B70084BB04 /* Mearcats.app */;
			productType = "com.apple.product-type.application";
		};
		45A1B7BE1FA390B70084BB04 /* MearcatsTests */ = {
			isa = PBXNativeTarget;
			buildConfigurationList = 45A1B7CB1FA390B70084BB04 /* Build configuration list for PBXNativeTarget "MearcatsTests" */;
			buildPhases = (
				7F46C652E5E4D57F5445E060 /* [CP] Check Pods Manifest.lock */,
				45A1B7BB1FA390B70084BB04 /* Sources */,
				45A1B7BC1FA390B70084BB04 /* Frameworks */,
				45A1B7BD1FA390B70084BB04 /* Resources */,
				6FE234E10637BFD0E9E59DAF /* [CP] Embed Pods Frameworks */,
				625AC3529F5228BD1C077D10 /* [CP] Copy Pods Resources */,
			);
			buildRules = (
			);
			dependencies = (
				45A1B7C11FA390B70084BB04 /* PBXTargetDependency */,
			);
			name = MearcatsTests;
			productName = MearcatsTests;
			productReference = 45A1B7BF1FA390B70084BB04 /* MearcatsTests.xctest */;
			productType = "com.apple.product-type.bundle.unit-test";
		};
/* End PBXNativeTarget section */

/* Begin PBXProject section */
		45A1B7A31FA390B70084BB04 /* Project object */ = {
			isa = PBXProject;
			attributes = {
				LastSwiftUpdateCheck = 0900;
				LastUpgradeCheck = 0900;
				ORGANIZATIONNAME = SavingOkja;
				TargetAttributes = {
					45A1B7AA1FA390B70084BB04 = {
						CreatedOnToolsVersion = 9.0.1;
						ProvisioningStyle = Automatic;
					};
					45A1B7BE1FA390B70084BB04 = {
						CreatedOnToolsVersion = 9.0.1;
						ProvisioningStyle = Automatic;
						TestTargetID = 45A1B7AA1FA390B70084BB04;
					};
				};
			};
			buildConfigurationList = 45A1B7A61FA390B70084BB04 /* Build configuration list for PBXProject "Mearcats" */;
			compatibilityVersion = "Xcode 8.0";
			developmentRegion = en;
			hasScannedForEncodings = 0;
			knownRegions = (
				en,
				Base,
			);
			mainGroup = 45A1B7A21FA390B70084BB04;
			productRefGroup = 45A1B7AC1FA390B70084BB04 /* Products */;
			projectDirPath = "";
			projectRoot = "";
			targets = (
				45A1B7AA1FA390B70084BB04 /* Mearcats */,
				45A1B7BE1FA390B70084BB04 /* MearcatsTests */,
			);
		};
/* End PBXProject section */

/* Begin PBXResourcesBuildPhase section */
		45A1B7A91FA390B70084BB04 /* Resources */ = {
			isa = PBXResourcesBuildPhase;
			buildActionMask = 2147483647;
			files = (
				45610A331FA4545700C73415 /* Company.storyboard in Resources */,
				45A1B7B91FA390B70084BB04 /* LaunchScreen.storyboard in Resources */,
				45A1B7D71FA399440084BB04 /* QR.storyboard in Resources */,
				45A1B7B61FA390B70084BB04 /* Assets.xcassets in Resources */,
				45A1B7B41FA390B70084BB04 /* Login.storyboard in Resources */,
				45A1B7D51FA3991D0084BB04 /* MyInfo.storyboard in Resources */,
				45A1B7D11FA394F00084BB04 /* Main.storyboard in Resources */,
			);
			runOnlyForDeploymentPostprocessing = 0;
		};
		45A1B7BD1FA390B70084BB04 /* Resources */ = {
			isa = PBXResourcesBuildPhase;
			buildActionMask = 2147483647;
			files = (
			);
			runOnlyForDeploymentPostprocessing = 0;
		};
/* End PBXResourcesBuildPhase section */

/* Begin PBXShellScriptBuildPhase section */
		5421F84CDF4DD8E3BAD31BE3 /* [CP] Embed Pods Frameworks */ = {
			isa = PBXShellScriptBuildPhase;
			buildActionMask = 2147483647;
			files = (
			);
			inputPaths = (
				"${SRCROOT}/Pods/Target Support Files/Pods-Mearcats/Pods-Mearcats-frameworks.sh",
				"${BUILT_PRODUCTS_DIR}/Alamofire/Alamofire.framework",
				"${BUILT_PRODUCTS_DIR}/AlamofireImage/AlamofireImage.framework",
				"${BUILT_PRODUCTS_DIR}/AlamofireObjectMapper/AlamofireObjectMapper.framework",
				"${BUILT_PRODUCTS_DIR}/Bolts/Bolts.framework",
				"${BUILT_PRODUCTS_DIR}/FBSDKCoreKit/FBSDKCoreKit.framework",
				"${BUILT_PRODUCTS_DIR}/FBSDKLoginKit/FBSDKLoginKit.framework",
				"${BUILT_PRODUCTS_DIR}/FBSDKShareKit/FBSDKShareKit.framework",
				"${BUILT_PRODUCTS_DIR}/FacebookCore/FacebookCore.framework",
				"${BUILT_PRODUCTS_DIR}/FacebookLogin/FacebookLogin.framework",
				"${BUILT_PRODUCTS_DIR}/FacebookShare/FacebookShare.framework",
				"${BUILT_PRODUCTS_DIR}/ObjectMapper/ObjectMapper.framework",
				"${BUILT_PRODUCTS_DIR}/Presentr/Presentr.framework",
				"${BUILT_PRODUCTS_DIR}/Realm/Realm.framework",
				"${BUILT_PRODUCTS_DIR}/RealmSwift/RealmSwift.framework",
				"${BUILT_PRODUCTS_DIR}/XLPagerTabStrip/XLPagerTabStrip.framework",
			);
			name = "[CP] Embed Pods Frameworks";
			outputPaths = (
				"${TARGET_BUILD_DIR}/${FRAMEWORKS_FOLDER_PATH}/Alamofire.framework",
				"${TARGET_BUILD_DIR}/${FRAMEWORKS_FOLDER_PATH}/AlamofireImage.framework",
				"${TARGET_BUILD_DIR}/${FRAMEWORKS_FOLDER_PATH}/AlamofireObjectMapper.framework",
				"${TARGET_BUILD_DIR}/${FRAMEWORKS_FOLDER_PATH}/Bolts.framework",
				"${TARGET_BUILD_DIR}/${FRAMEWORKS_FOLDER_PATH}/FBSDKCoreKit.framework",
				"${TARGET_BUILD_DIR}/${FRAMEWORKS_FOLDER_PATH}/FBSDKLoginKit.framework",
				"${TARGET_BUILD_DIR}/${FRAMEWORKS_FOLDER_PATH}/FBSDKShareKit.framework",
				"${TARGET_BUILD_DIR}/${FRAMEWORKS_FOLDER_PATH}/FacebookCore.framework",
				"${TARGET_BUILD_DIR}/${FRAMEWORKS_FOLDER_PATH}/FacebookLogin.framework",
				"${TARGET_BUILD_DIR}/${FRAMEWORKS_FOLDER_PATH}/FacebookShare.framework",
				"${TARGET_BUILD_DIR}/${FRAMEWORKS_FOLDER_PATH}/ObjectMapper.framework",
				"${TARGET_BUILD_DIR}/${FRAMEWORKS_FOLDER_PATH}/Presentr.framework",
				"${TARGET_BUILD_DIR}/${FRAMEWORKS_FOLDER_PATH}/Realm.framework",
				"${TARGET_BUILD_DIR}/${FRAMEWORKS_FOLDER_PATH}/RealmSwift.framework",
				"${TARGET_BUILD_DIR}/${FRAMEWORKS_FOLDER_PATH}/XLPagerTabStrip.framework",
			);
			runOnlyForDeploymentPostprocessing = 0;
			shellPath = /bin/sh;
			shellScript = "\"${SRCROOT}/Pods/Target Support Files/Pods-Mearcats/Pods-Mearcats-frameworks.sh\"\n";
			showEnvVarsInLog = 0;
		};
		625AC3529F5228BD1C077D10 /* [CP] Copy Pods Resources */ = {
			isa = PBXShellScriptBuildPhase;
			buildActionMask = 2147483647;
			files = (
			);
			inputPaths = (
			);
			name = "[CP] Copy Pods Resources";
			outputPaths = (
			);
			runOnlyForDeploymentPostprocessing = 0;
			shellPath = /bin/sh;
			shellScript = "\"${SRCROOT}/Pods/Target Support Files/Pods-MearcatsTests/Pods-MearcatsTests-resources.sh\"\n";
			showEnvVarsInLog = 0;
		};
		6FE234E10637BFD0E9E59DAF /* [CP] Embed Pods Frameworks */ = {
			isa = PBXShellScriptBuildPhase;
			buildActionMask = 2147483647;
			files = (
			);
			inputPaths = (
			);
			name = "[CP] Embed Pods Frameworks";
			outputPaths = (
			);
			runOnlyForDeploymentPostprocessing = 0;
			shellPath = /bin/sh;
			shellScript = "\"${SRCROOT}/Pods/Target Support Files/Pods-MearcatsTests/Pods-MearcatsTests-frameworks.sh\"\n";
			showEnvVarsInLog = 0;
		};
		7F46C652E5E4D57F5445E060 /* [CP] Check Pods Manifest.lock */ = {
			isa = PBXShellScriptBuildPhase;
			buildActionMask = 2147483647;
			files = (
			);
			inputPaths = (
				"${PODS_PODFILE_DIR_PATH}/Podfile.lock",
				"${PODS_ROOT}/Manifest.lock",
			);
			name = "[CP] Check Pods Manifest.lock";
			outputPaths = (
				"$(DERIVED_FILE_DIR)/Pods-MearcatsTests-checkManifestLockResult.txt",
			);
			runOnlyForDeploymentPostprocessing = 0;
			shellPath = /bin/sh;
			shellScript = "diff \"${PODS_PODFILE_DIR_PATH}/Podfile.lock\" \"${PODS_ROOT}/Manifest.lock\" > /dev/null\nif [ $? != 0 ] ; then\n    # print error to STDERR\n    echo \"error: The sandbox is not in sync with the Podfile.lock. Run 'pod install' or update your CocoaPods installation.\" >&2\n    exit 1\nfi\n# This output is used by Xcode 'outputs' to avoid re-running this script phase.\necho \"SUCCESS\" > \"${SCRIPT_OUTPUT_FILE_0}\"\n";
			showEnvVarsInLog = 0;
		};
		93E4809C86F358B11295CEA1 /* [CP] Copy Pods Resources */ = {
			isa = PBXShellScriptBuildPhase;
			buildActionMask = 2147483647;
			files = (
			);
			inputPaths = (
			);
			name = "[CP] Copy Pods Resources";
			outputPaths = (
			);
			runOnlyForDeploymentPostprocessing = 0;
			shellPath = /bin/sh;
			shellScript = "\"${SRCROOT}/Pods/Target Support Files/Pods-Mearcats/Pods-Mearcats-resources.sh\"\n";
			showEnvVarsInLog = 0;
		};
		EAA8B4D07C044F98FBF01C0B /* [CP] Check Pods Manifest.lock */ = {
			isa = PBXShellScriptBuildPhase;
			buildActionMask = 2147483647;
			files = (
			);
			inputPaths = (
				"${PODS_PODFILE_DIR_PATH}/Podfile.lock",
				"${PODS_ROOT}/Manifest.lock",
			);
			name = "[CP] Check Pods Manifest.lock";
			outputPaths = (
				"$(DERIVED_FILE_DIR)/Pods-Mearcats-checkManifestLockResult.txt",
			);
			runOnlyForDeploymentPostprocessing = 0;
			shellPath = /bin/sh;
			shellScript = "diff \"${PODS_PODFILE_DIR_PATH}/Podfile.lock\" \"${PODS_ROOT}/Manifest.lock\" > /dev/null\nif [ $? != 0 ] ; then\n    # print error to STDERR\n    echo \"error: The sandbox is not in sync with the Podfile.lock. Run 'pod install' or update your CocoaPods installation.\" >&2\n    exit 1\nfi\n# This output is used by Xcode 'outputs' to avoid re-running this script phase.\necho \"SUCCESS\" > \"${SCRIPT_OUTPUT_FILE_0}\"\n";
			showEnvVarsInLog = 0;
		};
/* End PBXShellScriptBuildPhase section */

/* Begin PBXSourcesBuildPhase section */
		45A1B7A71FA390B70084BB04 /* Sources */ = {
			isa = PBXSourcesBuildPhase;
			buildActionMask = 2147483647;
			files = (
				457465C41FA46F41009829F5 /* CompanyDetailViewController.swift in Sources */,
				45B926A21FA53A4700C166E3 /* DateExtension.swift in Sources */,
				45A1B7F61FA3A3CD0084BB04 /* BasketViewController.swift in Sources */,
				45610A2D1FA4525A00C73415 /* CosmeticsViewController.swift in Sources */,
				45610A291FA4523F00C73415 /* FoodViewController.swift in Sources */,
				450E41431FA4B28B00779C0C /* MemberAPI.swift in Sources */,
				45A1B7FC1FA3A44C0084BB04 /* MyPageInnerPagerViewController.swift in Sources */,
				45610A311FA4527100C73415 /* InteriorViewController.swift in Sources */,
				45A1B7DE1FA39B2C0084BB04 /* MyPageViewController.swift in Sources */,
				45A1B7B11FA390B70084BB04 /* LoginViewController.swift in Sources */,
				45610A2F1FA4526600C73415 /* MedicineViewController.swift in Sources */,
				45449FFA1FA4A17F00455D35 /* TextSearchViewController.swift in Sources */,
				45A220651FA531CB009ABDFC /* CompanyAPI.swift in Sources */,
				450E414A1FA4D13F00779C0C /* Token.swift in Sources */,
				450E41411FA4B1F000779C0C /* HTTPManager.swift in Sources */,
				45A1B7E01FA39B9E0084BB04 /* ClassificationViewController.swift in Sources */,
				450E414C1FA4EA5700779C0C /* SurveyPickerViewController.swift in Sources */,
				45A1B7D31FA3956E0084BB04 /* MainPageViewController.swift in Sources */,
				45610A2B1FA4524C00C73415 /* ClothesViewController.swift in Sources */,
				45610A261FA4517C00C73415 /* CompanyInnerPagerViewController.swift in Sources */,
				45A1B7AF1FA390B70084BB04 /* AppDelegate.swift in Sources */,
				45A1B7E21FA39BD80084BB04 /* CompanyViewController.swift in Sources */,
				45A220671FA53250009ABDFC /* Company.swift in Sources */,
				45A1B7F41FA3A3C30084BB04 /* HistoryViewController.swift in Sources */,
				45A1B7FF1FA429F30084BB04 /* UIViewExtension.swift in Sources */,
				45CE2E651FA45BC700D90CC4 /* CompanyPagerViewController.swift in Sources */,
				45A1B7F81FA3A3D70084BB04 /* QRViewController.swift in Sources */,
				45A1B7F21FA3A2C80084BB04 /* FavoriteViewController.swift in Sources */,
				45A1B7DC1FA39AF10084BB04 /* HomeViewController.swift in Sources */,
				450E41461FA4B34900779C0C /* Member.swift in Sources */,
			);
			runOnlyForDeploymentPostprocessing = 0;
		};
		45A1B7BB1FA390B70084BB04 /* Sources */ = {
			isa = PBXSourcesBuildPhase;
			buildActionMask = 2147483647;
			files = (
				45A1B7C41FA390B70084BB04 /* MearcatsTests.swift in Sources */,
			);
			runOnlyForDeploymentPostprocessing = 0;
		};
/* End PBXSourcesBuildPhase section */

/* Begin PBXTargetDependency section */
		45A1B7C11FA390B70084BB04 /* PBXTargetDependency */ = {
			isa = PBXTargetDependency;
			target = 45A1B7AA1FA390B70084BB04 /* Mearcats */;
			targetProxy = 45A1B7C01FA390B70084BB04 /* PBXContainerItemProxy */;
		};
/* End PBXTargetDependency section */

/* Begin PBXVariantGroup section */
		45A1B7B21FA390B70084BB04 /* Login.storyboard */ = {
			isa = PBXVariantGroup;
			children = (
				45A1B7B31FA390B70084BB04 /* Base */,
			);
			name = Login.storyboard;
			sourceTree = "<group>";
		};
		45A1B7B71FA390B70084BB04 /* LaunchScreen.storyboard */ = {
			isa = PBXVariantGroup;
			children = (
				45A1B7B81FA390B70084BB04 /* Base */,
			);
			name = LaunchScreen.storyboard;
			sourceTree = "<group>";
		};
/* End PBXVariantGroup section */

/* Begin XCBuildConfiguration section */
		45A1B7C61FA390B70084BB04 /* Debug */ = {
			isa = XCBuildConfiguration;
			buildSettings = {
				ALWAYS_SEARCH_USER_PATHS = NO;
				CLANG_ANALYZER_NONNULL = YES;
				CLANG_ANALYZER_NUMBER_OBJECT_CONVERSION = YES_AGGRESSIVE;
				CLANG_CXX_LANGUAGE_STANDARD = "gnu++14";
				CLANG_CXX_LIBRARY = "libc++";
				CLANG_ENABLE_MODULES = YES;
				CLANG_ENABLE_OBJC_ARC = YES;
				CLANG_WARN_BLOCK_CAPTURE_AUTORELEASING = YES;
				CLANG_WARN_BOOL_CONVERSION = YES;
				CLANG_WARN_COMMA = YES;
				CLANG_WARN_CONSTANT_CONVERSION = YES;
				CLANG_WARN_DIRECT_OBJC_ISA_USAGE = YES_ERROR;
				CLANG_WARN_DOCUMENTATION_COMMENTS = YES;
				CLANG_WARN_EMPTY_BODY = YES;
				CLANG_WARN_ENUM_CONVERSION = YES;
				CLANG_WARN_INFINITE_RECURSION = YES;
				CLANG_WARN_INT_CONVERSION = YES;
				CLANG_WARN_NON_LITERAL_NULL_CONVERSION = YES;
				CLANG_WARN_OBJC_LITERAL_CONVERSION = YES;
				CLANG_WARN_OBJC_ROOT_CLASS = YES_ERROR;
				CLANG_WARN_RANGE_LOOP_ANALYSIS = YES;
				CLANG_WARN_STRICT_PROTOTYPES = YES;
				CLANG_WARN_SUSPICIOUS_MOVE = YES;
				CLANG_WARN_UNGUARDED_AVAILABILITY = YES_AGGRESSIVE;
				CLANG_WARN_UNREACHABLE_CODE = YES;
				CLANG_WARN__DUPLICATE_METHOD_MATCH = YES;
				CODE_SIGN_IDENTITY = "iPhone Developer";
				COPY_PHASE_STRIP = NO;
				DEBUG_INFORMATION_FORMAT = dwarf;
				ENABLE_STRICT_OBJC_MSGSEND = YES;
				ENABLE_TESTABILITY = YES;
				GCC_C_LANGUAGE_STANDARD = gnu11;
				GCC_DYNAMIC_NO_PIC = NO;
				GCC_NO_COMMON_BLOCKS = YES;
				GCC_OPTIMIZATION_LEVEL = 0;
				GCC_PREPROCESSOR_DEFINITIONS = (
					"DEBUG=1",
					"$(inherited)",
				);
				GCC_WARN_64_TO_32_BIT_CONVERSION = YES;
				GCC_WARN_ABOUT_RETURN_TYPE = YES_ERROR;
				GCC_WARN_UNDECLARED_SELECTOR = YES;
				GCC_WARN_UNINITIALIZED_AUTOS = YES_AGGRESSIVE;
				GCC_WARN_UNUSED_FUNCTION = YES;
				GCC_WARN_UNUSED_VARIABLE = YES;
				IPHONEOS_DEPLOYMENT_TARGET = 11.0;
				MTL_ENABLE_DEBUG_INFO = YES;
				ONLY_ACTIVE_ARCH = YES;
				SDKROOT = iphoneos;
				SWIFT_ACTIVE_COMPILATION_CONDITIONS = DEBUG;
				SWIFT_OPTIMIZATION_LEVEL = "-Onone";
			};
			name = Debug;
		};
		45A1B7C71FA390B70084BB04 /* Release */ = {
			isa = XCBuildConfiguration;
			buildSettings = {
				ALWAYS_SEARCH_USER_PATHS = NO;
				CLANG_ANALYZER_NONNULL = YES;
				CLANG_ANALYZER_NUMBER_OBJECT_CONVERSION = YES_AGGRESSIVE;
				CLANG_CXX_LANGUAGE_STANDARD = "gnu++14";
				CLANG_CXX_LIBRARY = "libc++";
				CLANG_ENABLE_MODULES = YES;
				CLANG_ENABLE_OBJC_ARC = YES;
				CLANG_WARN_BLOCK_CAPTURE_AUTORELEASING = YES;
				CLANG_WARN_BOOL_CONVERSION = YES;
				CLANG_WARN_COMMA = YES;
				CLANG_WARN_CONSTANT_CONVERSION = YES;
				CLANG_WARN_DIRECT_OBJC_ISA_USAGE = YES_ERROR;
				CLANG_WARN_DOCUMENTATION_COMMENTS = YES;
				CLANG_WARN_EMPTY_BODY = YES;
				CLANG_WARN_ENUM_CONVERSION = YES;
				CLANG_WARN_INFINITE_RECURSION = YES;
				CLANG_WARN_INT_CONVERSION = YES;
				CLANG_WARN_NON_LITERAL_NULL_CONVERSION = YES;
				CLANG_WARN_OBJC_LITERAL_CONVERSION = YES;
				CLANG_WARN_OBJC_ROOT_CLASS = YES_ERROR;
				CLANG_WARN_RANGE_LOOP_ANALYSIS = YES;
				CLANG_WARN_STRICT_PROTOTYPES = YES;
				CLANG_WARN_SUSPICIOUS_MOVE = YES;
				CLANG_WARN_UNGUARDED_AVAILABILITY = YES_AGGRESSIVE;
				CLANG_WARN_UNREACHABLE_CODE = YES;
				CLANG_WARN__DUPLICATE_METHOD_MATCH = YES;
				CODE_SIGN_IDENTITY = "iPhone Developer";
				COPY_PHASE_STRIP = NO;
				DEBUG_INFORMATION_FORMAT = "dwarf-with-dsym";
				ENABLE_NS_ASSERTIONS = NO;
				ENABLE_STRICT_OBJC_MSGSEND = YES;
				GCC_C_LANGUAGE_STANDARD = gnu11;
				GCC_NO_COMMON_BLOCKS = YES;
				GCC_WARN_64_TO_32_BIT_CONVERSION = YES;
				GCC_WARN_ABOUT_RETURN_TYPE = YES_ERROR;
				GCC_WARN_UNDECLARED_SELECTOR = YES;
				GCC_WARN_UNINITIALIZED_AUTOS = YES_AGGRESSIVE;
				GCC_WARN_UNUSED_FUNCTION = YES;
				GCC_WARN_UNUSED_VARIABLE = YES;
				IPHONEOS_DEPLOYMENT_TARGET = 11.0;
				MTL_ENABLE_DEBUG_INFO = NO;
				SDKROOT = iphoneos;
				SWIFT_OPTIMIZATION_LEVEL = "-Owholemodule";
				VALIDATE_PRODUCT = YES;
			};
			name = Release;
		};
		45A1B7C91FA390B70084BB04 /* Debug */ = {
			isa = XCBuildConfiguration;
			baseConfigurationReference = 9172B52FC4F293A8D078B0B6 /* Pods-Mearcats.debug.xcconfig */;
			buildSettings = {
				ASSETCATALOG_COMPILER_APPICON_NAME = AppIcon;
				CODE_SIGN_STYLE = Automatic;
				DEVELOPMENT_TEAM = 5NNEWJM58C;
				INFOPLIST_FILE = Mearcats/Info.plist;
				IPHONEOS_DEPLOYMENT_TARGET = 9.2;
				LD_RUNPATH_SEARCH_PATHS = "$(inherited) @executable_path/Frameworks";
				PRODUCT_BUNDLE_IDENTIFIER = SavingOkja.Mearcats;
				PRODUCT_NAME = "$(TARGET_NAME)";
				SWIFT_VERSION = 4.0;
				TARGETED_DEVICE_FAMILY = "1,2";
			};
			name = Debug;
		};
		45A1B7CA1FA390B70084BB04 /* Release */ = {
			isa = XCBuildConfiguration;
			baseConfigurationReference = F3E7C6AFE275A5C8EF3CD856 /* Pods-Mearcats.release.xcconfig */;
			buildSettings = {
				ASSETCATALOG_COMPILER_APPICON_NAME = AppIcon;
				CODE_SIGN_STYLE = Automatic;
				DEVELOPMENT_TEAM = 5NNEWJM58C;
				INFOPLIST_FILE = Mearcats/Info.plist;
				IPHONEOS_DEPLOYMENT_TARGET = 9.2;
				LD_RUNPATH_SEARCH_PATHS = "$(inherited) @executable_path/Frameworks";
				PRODUCT_BUNDLE_IDENTIFIER = SavingOkja.Mearcats;
				PRODUCT_NAME = "$(TARGET_NAME)";
				SWIFT_VERSION = 4.0;
				TARGETED_DEVICE_FAMILY = "1,2";
			};
			name = Release;
		};
		45A1B7CC1FA390B70084BB04 /* Debug */ = {
			isa = XCBuildConfiguration;
			baseConfigurationReference = 5CD1E31BAE1A785B118FF453 /* Pods-MearcatsTests.debug.xcconfig */;
			buildSettings = {
				ALWAYS_EMBED_SWIFT_STANDARD_LIBRARIES = YES;
				BUNDLE_LOADER = "$(TEST_HOST)";
				CODE_SIGN_STYLE = Automatic;
				DEVELOPMENT_TEAM = 5NNEWJM58C;
				INFOPLIST_FILE = MearcatsTests/Info.plist;
				LD_RUNPATH_SEARCH_PATHS = "$(inherited) @executable_path/Frameworks @loader_path/Frameworks";
				PRODUCT_BUNDLE_IDENTIFIER = SavingOkja.MearcatsTests;
				PRODUCT_NAME = "$(TARGET_NAME)";
				SWIFT_VERSION = 4.0;
				TARGETED_DEVICE_FAMILY = "1,2";
				TEST_HOST = "$(BUILT_PRODUCTS_DIR)/Mearcats.app/Mearcats";
			};
			name = Debug;
		};
		45A1B7CD1FA390B70084BB04 /* Release */ = {
			isa = XCBuildConfiguration;
			baseConfigurationReference = 3358E9DD29B00DFF0EFA16F2 /* Pods-MearcatsTests.release.xcconfig */;
			buildSettings = {
				ALWAYS_EMBED_SWIFT_STANDARD_LIBRARIES = YES;
				BUNDLE_LOADER = "$(TEST_HOST)";
				CODE_SIGN_STYLE = Automatic;
				DEVELOPMENT_TEAM = 5NNEWJM58C;
				INFOPLIST_FILE = MearcatsTests/Info.plist;
				LD_RUNPATH_SEARCH_PATHS = "$(inherited) @executable_path/Frameworks @loader_path/Frameworks";
				PRODUCT_BUNDLE_IDENTIFIER = SavingOkja.MearcatsTests;
				PRODUCT_NAME = "$(TARGET_NAME)";
				SWIFT_VERSION = 4.0;
				TARGETED_DEVICE_FAMILY = "1,2";
				TEST_HOST = "$(BUILT_PRODUCTS_DIR)/Mearcats.app/Mearcats";
			};
			name = Release;
		};
/* End XCBuildConfiguration section */

/* Begin XCConfigurationList section */
		45A1B7A61FA390B70084BB04 /* Build configuration list for PBXProject "Mearcats" */ = {
			isa = XCConfigurationList;
			buildConfigurations = (
				45A1B7C61FA390B70084BB04 /* Debug */,
				45A1B7C71FA390B70084BB04 /* Release */,
			);
			defaultConfigurationIsVisible = 0;
			defaultConfigurationName = Release;
		};
		45A1B7C81FA390B70084BB04 /* Build configuration list for PBXNativeTarget "Mearcats" */ = {
			isa = XCConfigurationList;
			buildConfigurations = (
				45A1B7C91FA390B70084BB04 /* Debug */,
				45A1B7CA1FA390B70084BB04 /* Release */,
			);
			defaultConfigurationIsVisible = 0;
			defaultConfigurationName = Release;
		};
		45A1B7CB1FA390B70084BB04 /* Build configuration list for PBXNativeTarget "MearcatsTests" */ = {
			isa = XCConfigurationList;
			buildConfigurations = (
				45A1B7CC1FA390B70084BB04 /* Debug */,
				45A1B7CD1FA390B70084BB04 /* Release */,
			);
			defaultConfigurationIsVisible = 0;
			defaultConfigurationName = Release;
		};
/* End XCConfigurationList section */
	};
	rootObject = 45A1B7A31FA390B70084BB04 /* Project object */;
}
